// !$*UTF8*$!
{
	archiveVersion = 1;
	classes = {
	};
	objectVersion = 56;
	objects = {

/* Begin PBXBuildFile section */
		3900FA932A32BADC009EAC52 /* LinkManagementViewController.swift in Sources */ = {isa = PBXBuildFile; fileRef = 3900FA922A32BADC009EAC52 /* LinkManagementViewController.swift */; };
		3900FA9C2A35DB65009EAC52 /* TabView.swift in Sources */ = {isa = PBXBuildFile; fileRef = 3900FA9B2A35DB65009EAC52 /* TabView.swift */; };
		3900FA9E2A36FF47009EAC52 /* SearchBarSubView.swift in Sources */ = {isa = PBXBuildFile; fileRef = 3900FA9D2A36FF47009EAC52 /* SearchBarSubView.swift */; };
		3900FAA02A370F9F009EAC52 /* SearchBarTextField.swift in Sources */ = {isa = PBXBuildFile; fileRef = 3900FA9F2A370F9F009EAC52 /* SearchBarTextField.swift */; };
		3900FAA32A37135B009EAC52 /* SearchBar.swift in Sources */ = {isa = PBXBuildFile; fileRef = 3900FAA22A37135B009EAC52 /* SearchBar.swift */; };
		3900FAA52A377340009EAC52 /* UIView+Animation.swift in Sources */ = {isa = PBXBuildFile; fileRef = 3900FAA42A377340009EAC52 /* UIView+Animation.swift */; };
		3900FAA72A3785FA009EAC52 /* UIButton+extension.swift in Sources */ = {isa = PBXBuildFile; fileRef = 3900FAA62A3785FA009EAC52 /* UIButton+extension.swift */; };
		3900FAA92A378830009EAC52 /* SearchBarStyle.swift in Sources */ = {isa = PBXBuildFile; fileRef = 3900FAA82A378830009EAC52 /* SearchBarStyle.swift */; };
		3900FAAC2A381E17009EAC52 /* TabViews.swift in Sources */ = {isa = PBXBuildFile; fileRef = 3900FAAB2A381E17009EAC52 /* TabViews.swift */; };
		3900FAAE2A381FBA009EAC52 /* TabConfig.swift in Sources */ = {isa = PBXBuildFile; fileRef = 3900FAAD2A381FBA009EAC52 /* TabConfig.swift */; };
		3900FAB02A389FBB009EAC52 /* TabStyle.swift in Sources */ = {isa = PBXBuildFile; fileRef = 3900FAAF2A389FBB009EAC52 /* TabStyle.swift */; };
		3900FAD42A39B5D1009EAC52 /* LinkListTabCell.swift in Sources */ = {isa = PBXBuildFile; fileRef = 3900FAD32A39B5D1009EAC52 /* LinkListTabCell.swift */; };
		3900FAD72A39FDD5009EAC52 /* FamilyData.swift in Sources */ = {isa = PBXBuildFile; fileRef = 3900FAD62A39FDD5009EAC52 /* FamilyData.swift */; };
		3900FADB2A3A9E33009EAC52 /* UIImageView+extension.swift in Sources */ = {isa = PBXBuildFile; fileRef = 3900FADA2A3A9E33009EAC52 /* UIImageView+extension.swift */; };
		3900FADD2A3AA680009EAC52 /* LinkManagementTabState.swift in Sources */ = {isa = PBXBuildFile; fileRef = 3900FADC2A3AA680009EAC52 /* LinkManagementTabState.swift */; };
		3900FADF2A3AB6A8009EAC52 /* ReceivedTabCell.swift in Sources */ = {isa = PBXBuildFile; fileRef = 3900FADE2A3AB6A8009EAC52 /* ReceivedTabCell.swift */; };
		3900FAE12A3AB6B3009EAC52 /* SentTabCell.swift in Sources */ = {isa = PBXBuildFile; fileRef = 3900FAE02A3AB6B3009EAC52 /* SentTabCell.swift */; };
		3900FAE52A3ABE62009EAC52 /* UIStyleType.swift in Sources */ = {isa = PBXBuildFile; fileRef = 3900FAE42A3ABE62009EAC52 /* UIStyleType.swift */; };
		39227BDF2A1E37FB00C86049 /* StampState.swift in Sources */ = {isa = PBXBuildFile; fileRef = 39227BDE2A1E37FB00C86049 /* StampState.swift */; };
		39227BE12A1E498700C86049 /* CompletedStampBoardCell.swift in Sources */ = {isa = PBXBuildFile; fileRef = 39227BE02A1E498700C86049 /* CompletedStampBoardCell.swift */; };
		39227BE32A20A10700C86049 /* StampFilter.swift in Sources */ = {isa = PBXBuildFile; fileRef = 39227BE22A20A10700C86049 /* StampFilter.swift */; };
		39227BE52A21915D00C86049 /* MemberTypeView.swift in Sources */ = {isa = PBXBuildFile; fileRef = 39227BE42A21915D00C86049 /* MemberTypeView.swift */; };
		39227BE72A23866300C86049 /* testData.swift in Sources */ = {isa = PBXBuildFile; fileRef = 39227BE62A23866300C86049 /* testData.swift */; };
		39227BE92A242BDD00C86049 /* EmptyCell.swift in Sources */ = {isa = PBXBuildFile; fileRef = 39227BE82A242BDD00C86049 /* EmptyCell.swift */; };
		397366CB2A10FA35007D998F /* UIImage+extension.swift in Sources */ = {isa = PBXBuildFile; fileRef = 397366CA2A10FA35007D998F /* UIImage+extension.swift */; };
		397366CD2A112967007D998F /* UILabel+extension.swift in Sources */ = {isa = PBXBuildFile; fileRef = 397366CC2A112967007D998F /* UILabel+extension.swift */; };
		397366CF2A114439007D998F /* TabBarController.swift in Sources */ = {isa = PBXBuildFile; fileRef = 397366CE2A114439007D998F /* TabBarController.swift */; };
		39AC7DC82A1825ED007D58F3 /* StampGraphView.swift in Sources */ = {isa = PBXBuildFile; fileRef = 39AC7DC72A1825ED007D58F3 /* StampGraphView.swift */; };
		39AC7DCC2A1839C3007D58F3 /* UIView+Border.swift in Sources */ = {isa = PBXBuildFile; fileRef = 39AC7DCB2A1839C3007D58F3 /* UIView+Border.swift */; };
		39AC7DD02A1A1029007D58F3 /* CustomRefreshControl.swift in Sources */ = {isa = PBXBuildFile; fileRef = 39AC7DCF2A1A1029007D58F3 /* CustomRefreshControl.swift */; };
		39D539D32A15F4DE0087B2BD /* UserInfomation.swift in Sources */ = {isa = PBXBuildFile; fileRef = 39D539D22A15F4DE0087B2BD /* UserInfomation.swift */; };
		39D539D62A16032D0087B2BD /* MemberType.swift in Sources */ = {isa = PBXBuildFile; fileRef = 39D539D52A16032D0087B2BD /* MemberType.swift */; };
		39D539DD2A1654B60087B2BD /* InprogressStampBoardCell.swift in Sources */ = {isa = PBXBuildFile; fileRef = 39D539DC2A1654B60087B2BD /* InprogressStampBoardCell.swift */; };
		39D539DF2A16568D0087B2BD /* StampBoardHeaderView.swift in Sources */ = {isa = PBXBuildFile; fileRef = 39D539DE2A16568D0087B2BD /* StampBoardHeaderView.swift */; };
		3C0793502A0E63C500087F73 /* MainViewController.swift in Sources */ = {isa = PBXBuildFile; fileRef = 3C07934F2A0E63C500087F73 /* MainViewController.swift */; };
		3C1E9F402A176D0E0074A58C /* UICollectionView+reloadDataWIthAnimation.swift in Sources */ = {isa = PBXBuildFile; fileRef = 3C1E9F3F2A176D0E0074A58C /* UICollectionView+reloadDataWIthAnimation.swift */; };
		3C2300A42A0E358700130D1B /* UIColor+extension.swift in Sources */ = {isa = PBXBuildFile; fileRef = 3C2300A32A0E358700130D1B /* UIColor+extension.swift */; };
		3C43C5CA2A1B527900D7B9DD /* StampCell.swift in Sources */ = {isa = PBXBuildFile; fileRef = 3C43C5C92A1B527900D7B9DD /* StampCell.swift */; };
		3C43C5CC2A1B5EED00D7B9DD /* CollectionViewLayoutFactory.swift in Sources */ = {isa = PBXBuildFile; fileRef = 3C43C5CB2A1B5EED00D7B9DD /* CollectionViewLayoutFactory.swift */; };
		3C43C5CE2A1B64F800D7B9DD /* StampSize.swift in Sources */ = {isa = PBXBuildFile; fileRef = 3C43C5CD2A1B64F800D7B9DD /* StampSize.swift */; };
		3C4515E42A0BF2F900C9BA4F /* AppFlowCoordinator.swift in Sources */ = {isa = PBXBuildFile; fileRef = 3C4515E32A0BF2F900C9BA4F /* AppFlowCoordinator.swift */; };
		3C4515E92A0BF2FB00C9BA4F /* Assets.xcassets in Resources */ = {isa = PBXBuildFile; fileRef = 3C4515E82A0BF2FB00C9BA4F /* Assets.xcassets */; };
		3C4515EC2A0BF2FB00C9BA4F /* LaunchScreen.storyboard in Resources */ = {isa = PBXBuildFile; fileRef = 3C4515EA2A0BF2FB00C9BA4F /* LaunchScreen.storyboard */; };
		3C4515F52A0BF40200C9BA4F /* SnapKit in Frameworks */ = {isa = PBXBuildFile; productRef = 3C4515F42A0BF40200C9BA4F /* SnapKit */; };
		3C4515F82A0BF43300C9BA4F /* RxCocoa in Frameworks */ = {isa = PBXBuildFile; productRef = 3C4515F72A0BF43300C9BA4F /* RxCocoa */; };
		3C4515FA2A0BF43300C9BA4F /* RxSwift in Frameworks */ = {isa = PBXBuildFile; productRef = 3C4515F92A0BF43300C9BA4F /* RxSwift */; };
		3C4515FD2A0BF46B00C9BA4F /* SkeletonView in Frameworks */ = {isa = PBXBuildFile; productRef = 3C4515FC2A0BF46B00C9BA4F /* SkeletonView */; };
		3C6E58432A15FF3A005FC66B /* MissionListView.swift in Sources */ = {isa = PBXBuildFile; fileRef = 3C6E58422A15FF3A005FC66B /* MissionListView.swift */; };
		3C6E58472A160E73005FC66B /* DetailBoardViewModel.swift in Sources */ = {isa = PBXBuildFile; fileRef = 3C6E58462A160E73005FC66B /* DetailBoardViewModel.swift */; };
		3CCEF9EA2A1B9D97009C61E1 /* MoreButton.swift in Sources */ = {isa = PBXBuildFile; fileRef = 3CCEF9E92A1B9D97009C61E1 /* MoreButton.swift */; };
		3CCEF9EC2A1BA24A009C61E1 /* StampFooterView.swift in Sources */ = {isa = PBXBuildFile; fileRef = 3CCEF9EB2A1BA24A009C61E1 /* StampFooterView.swift */; };
		3CCEF9EE2A1CA2BE009C61E1 /* UIApplication+width.swift in Sources */ = {isa = PBXBuildFile; fileRef = 3CCEF9ED2A1CA2BE009C61E1 /* UIApplication+width.swift */; };
		3CEE10C52A110F02000C15EC /* MissionCell.swift in Sources */ = {isa = PBXBuildFile; fileRef = 3CEE10C42A110F02000C15EC /* MissionCell.swift */; };
		3CF28D872A306D91000B0A91 /* Pretendard-Regular.otf in Resources */ = {isa = PBXBuildFile; fileRef = 395FF05D2A2F5DAC00E1377D /* Pretendard-Regular.otf */; };
		3CF41E462A1F1B5900914421 /* DetailBoardNameView.swift in Sources */ = {isa = PBXBuildFile; fileRef = 3CF41E452A1F1B5900914421 /* DetailBoardNameView.swift */; };
		3CF41E482A1F43D500914421 /* LabelWithPadding.swift in Sources */ = {isa = PBXBuildFile; fileRef = 3CF41E472A1F43D400914421 /* LabelWithPadding.swift */; };
		3CF41E4D2A1F834E00914421 /* CompensationView.swift in Sources */ = {isa = PBXBuildFile; fileRef = 3CF41E4C2A1F834E00914421 /* CompensationView.swift */; };
		3CFB472F2A0FEA2B00B03FFD /* Pretendard-Bold.otf in Resources */ = {isa = PBXBuildFile; fileRef = 3CFB472C2A0FEA2B00B03FFD /* Pretendard-Bold.otf */; };
		3CFB47302A0FEA2B00B03FFD /* Pretendard-Medium.otf in Resources */ = {isa = PBXBuildFile; fileRef = 3CFB472D2A0FEA2B00B03FFD /* Pretendard-Medium.otf */; };
		3CFB47312A0FEA2B00B03FFD /* Pretendard-SemiBold.otf in Resources */ = {isa = PBXBuildFile; fileRef = 3CFB472E2A0FEA2B00B03FFD /* Pretendard-SemiBold.otf */; };
		DABA1CD02A31FB5E009E351B /* AppDelegate.swift in Sources */ = {isa = PBXBuildFile; fileRef = 3C4515DF2A0BF2F900C9BA4F /* AppDelegate.swift */; };
		DABA1CD12A31FB5E009E351B /* SceneDelegate.swift in Sources */ = {isa = PBXBuildFile; fileRef = 3C4515E12A0BF2F900C9BA4F /* SceneDelegate.swift */; };
		DABA1CD22A31FB5E009E351B /* MissionHeaderView.swift in Sources */ = {isa = PBXBuildFile; fileRef = 3C0793472A0E637700087F73 /* MissionHeaderView.swift */; };
		DABA1CD32A31FB5E009E351B /* StampView.swift in Sources */ = {isa = PBXBuildFile; fileRef = 3C0793492A0E637700087F73 /* StampView.swift */; };
		DABA1CD42A31FB5E009E351B /* DetailBoardViewController.swift in Sources */ = {isa = PBXBuildFile; fileRef = 3C07934D2A0E639F00087F73 /* DetailBoardViewController.swift */; };
		DABA1CD52A31FB5E009E351B /* UIFont+PretendardFont.swift in Sources */ = {isa = PBXBuildFile; fileRef = 3CFB47322A0FEBE200B03FFD /* UIFont+PretendardFont.swift */; };
/* End PBXBuildFile section */

/* Begin PBXFileReference section */
		3900FA922A32BADC009EAC52 /* LinkManagementViewController.swift */ = {isa = PBXFileReference; lastKnownFileType = sourcecode.swift; path = LinkManagementViewController.swift; sourceTree = "<group>"; };
		3900FA9B2A35DB65009EAC52 /* TabView.swift */ = {isa = PBXFileReference; lastKnownFileType = sourcecode.swift; path = TabView.swift; sourceTree = "<group>"; };
		3900FA9D2A36FF47009EAC52 /* SearchBarSubView.swift */ = {isa = PBXFileReference; lastKnownFileType = sourcecode.swift; path = SearchBarSubView.swift; sourceTree = "<group>"; };
		3900FA9F2A370F9F009EAC52 /* SearchBarTextField.swift */ = {isa = PBXFileReference; lastKnownFileType = sourcecode.swift; path = SearchBarTextField.swift; sourceTree = "<group>"; };
		3900FAA22A37135B009EAC52 /* SearchBar.swift */ = {isa = PBXFileReference; lastKnownFileType = sourcecode.swift; path = SearchBar.swift; sourceTree = "<group>"; };
		3900FAA42A377340009EAC52 /* UIView+Animation.swift */ = {isa = PBXFileReference; lastKnownFileType = sourcecode.swift; path = "UIView+Animation.swift"; sourceTree = "<group>"; };
		3900FAA62A3785FA009EAC52 /* UIButton+extension.swift */ = {isa = PBXFileReference; lastKnownFileType = sourcecode.swift; path = "UIButton+extension.swift"; sourceTree = "<group>"; };
		3900FAA82A378830009EAC52 /* SearchBarStyle.swift */ = {isa = PBXFileReference; lastKnownFileType = sourcecode.swift; path = SearchBarStyle.swift; sourceTree = "<group>"; };
		3900FAAB2A381E17009EAC52 /* TabViews.swift */ = {isa = PBXFileReference; lastKnownFileType = sourcecode.swift; path = TabViews.swift; sourceTree = "<group>"; };
		3900FAAD2A381FBA009EAC52 /* TabConfig.swift */ = {isa = PBXFileReference; lastKnownFileType = sourcecode.swift; path = TabConfig.swift; sourceTree = "<group>"; };
		3900FAAF2A389FBB009EAC52 /* TabStyle.swift */ = {isa = PBXFileReference; lastKnownFileType = sourcecode.swift; path = TabStyle.swift; sourceTree = "<group>"; };
		3900FAD32A39B5D1009EAC52 /* LinkListTabCell.swift */ = {isa = PBXFileReference; lastKnownFileType = sourcecode.swift; path = LinkListTabCell.swift; sourceTree = "<group>"; };
		3900FAD62A39FDD5009EAC52 /* FamilyData.swift */ = {isa = PBXFileReference; lastKnownFileType = sourcecode.swift; path = FamilyData.swift; sourceTree = "<group>"; };
		3900FADA2A3A9E33009EAC52 /* UIImageView+extension.swift */ = {isa = PBXFileReference; lastKnownFileType = sourcecode.swift; path = "UIImageView+extension.swift"; sourceTree = "<group>"; };
		3900FADC2A3AA680009EAC52 /* LinkManagementTabState.swift */ = {isa = PBXFileReference; lastKnownFileType = sourcecode.swift; path = LinkManagementTabState.swift; sourceTree = "<group>"; };
		3900FADE2A3AB6A8009EAC52 /* ReceivedTabCell.swift */ = {isa = PBXFileReference; lastKnownFileType = sourcecode.swift; path = ReceivedTabCell.swift; sourceTree = "<group>"; };
		3900FAE02A3AB6B3009EAC52 /* SentTabCell.swift */ = {isa = PBXFileReference; lastKnownFileType = sourcecode.swift; path = SentTabCell.swift; sourceTree = "<group>"; };
		3900FAE42A3ABE62009EAC52 /* UIStyleType.swift */ = {isa = PBXFileReference; lastKnownFileType = sourcecode.swift; path = UIStyleType.swift; sourceTree = "<group>"; };
		39227BDE2A1E37FB00C86049 /* StampState.swift */ = {isa = PBXFileReference; lastKnownFileType = sourcecode.swift; path = StampState.swift; sourceTree = "<group>"; };
		39227BE02A1E498700C86049 /* CompletedStampBoardCell.swift */ = {isa = PBXFileReference; lastKnownFileType = sourcecode.swift; path = CompletedStampBoardCell.swift; sourceTree = "<group>"; };
		39227BE22A20A10700C86049 /* StampFilter.swift */ = {isa = PBXFileReference; lastKnownFileType = sourcecode.swift; path = StampFilter.swift; sourceTree = "<group>"; };
		39227BE42A21915D00C86049 /* MemberTypeView.swift */ = {isa = PBXFileReference; lastKnownFileType = sourcecode.swift; path = MemberTypeView.swift; sourceTree = "<group>"; };
		39227BE62A23866300C86049 /* testData.swift */ = {isa = PBXFileReference; lastKnownFileType = sourcecode.swift; path = testData.swift; sourceTree = "<group>"; };
		39227BE82A242BDD00C86049 /* EmptyCell.swift */ = {isa = PBXFileReference; lastKnownFileType = sourcecode.swift; path = EmptyCell.swift; sourceTree = "<group>"; };
		395FF05D2A2F5DAC00E1377D /* Pretendard-Regular.otf */ = {isa = PBXFileReference; lastKnownFileType = file; path = "Pretendard-Regular.otf"; sourceTree = "<group>"; };
		397366CA2A10FA35007D998F /* UIImage+extension.swift */ = {isa = PBXFileReference; lastKnownFileType = sourcecode.swift; path = "UIImage+extension.swift"; sourceTree = "<group>"; };
		397366CC2A112967007D998F /* UILabel+extension.swift */ = {isa = PBXFileReference; lastKnownFileType = sourcecode.swift; path = "UILabel+extension.swift"; sourceTree = "<group>"; };
		397366CE2A114439007D998F /* TabBarController.swift */ = {isa = PBXFileReference; lastKnownFileType = sourcecode.swift; path = TabBarController.swift; sourceTree = "<group>"; };
		39AC7DC72A1825ED007D58F3 /* StampGraphView.swift */ = {isa = PBXFileReference; lastKnownFileType = sourcecode.swift; path = StampGraphView.swift; sourceTree = "<group>"; };
		39AC7DCB2A1839C3007D58F3 /* UIView+Border.swift */ = {isa = PBXFileReference; lastKnownFileType = sourcecode.swift; path = "UIView+Border.swift"; sourceTree = "<group>"; };
		39AC7DCF2A1A1029007D58F3 /* CustomRefreshControl.swift */ = {isa = PBXFileReference; lastKnownFileType = sourcecode.swift; path = CustomRefreshControl.swift; sourceTree = "<group>"; };
		39D539D22A15F4DE0087B2BD /* UserInfomation.swift */ = {isa = PBXFileReference; lastKnownFileType = sourcecode.swift; path = UserInfomation.swift; sourceTree = "<group>"; };
		39D539D52A16032D0087B2BD /* MemberType.swift */ = {isa = PBXFileReference; lastKnownFileType = sourcecode.swift; path = MemberType.swift; sourceTree = "<group>"; };
		39D539DC2A1654B60087B2BD /* InprogressStampBoardCell.swift */ = {isa = PBXFileReference; lastKnownFileType = sourcecode.swift; path = InprogressStampBoardCell.swift; sourceTree = "<group>"; };
		39D539DE2A16568D0087B2BD /* StampBoardHeaderView.swift */ = {isa = PBXFileReference; lastKnownFileType = sourcecode.swift; path = StampBoardHeaderView.swift; sourceTree = "<group>"; };
		3C0793472A0E637700087F73 /* MissionHeaderView.swift */ = {isa = PBXFileReference; fileEncoding = 4; lastKnownFileType = sourcecode.swift; path = MissionHeaderView.swift; sourceTree = "<group>"; };
		3C0793492A0E637700087F73 /* StampView.swift */ = {isa = PBXFileReference; fileEncoding = 4; lastKnownFileType = sourcecode.swift; path = StampView.swift; sourceTree = "<group>"; };
		3C07934D2A0E639F00087F73 /* DetailBoardViewController.swift */ = {isa = PBXFileReference; lastKnownFileType = sourcecode.swift; path = DetailBoardViewController.swift; sourceTree = "<group>"; };
		3C07934F2A0E63C500087F73 /* MainViewController.swift */ = {isa = PBXFileReference; lastKnownFileType = sourcecode.swift; path = MainViewController.swift; sourceTree = "<group>"; };
		3C1E9F3F2A176D0E0074A58C /* UICollectionView+reloadDataWIthAnimation.swift */ = {isa = PBXFileReference; lastKnownFileType = sourcecode.swift; path = "UICollectionView+reloadDataWIthAnimation.swift"; sourceTree = "<group>"; };
		3C2300A32A0E358700130D1B /* UIColor+extension.swift */ = {isa = PBXFileReference; lastKnownFileType = sourcecode.swift; path = "UIColor+extension.swift"; sourceTree = "<group>"; };
		3C43C5C92A1B527900D7B9DD /* StampCell.swift */ = {isa = PBXFileReference; lastKnownFileType = sourcecode.swift; path = StampCell.swift; sourceTree = "<group>"; };
		3C43C5CB2A1B5EED00D7B9DD /* CollectionViewLayoutFactory.swift */ = {isa = PBXFileReference; lastKnownFileType = sourcecode.swift; path = CollectionViewLayoutFactory.swift; sourceTree = "<group>"; };
		3C43C5CD2A1B64F800D7B9DD /* StampSize.swift */ = {isa = PBXFileReference; lastKnownFileType = sourcecode.swift; path = StampSize.swift; sourceTree = "<group>"; };
		3C4515DC2A0BF2F900C9BA4F /* POLZZAK.app */ = {isa = PBXFileReference; explicitFileType = wrapper.application; includeInIndex = 0; path = POLZZAK.app; sourceTree = BUILT_PRODUCTS_DIR; };
		3C4515DF2A0BF2F900C9BA4F /* AppDelegate.swift */ = {isa = PBXFileReference; lastKnownFileType = sourcecode.swift; path = AppDelegate.swift; sourceTree = "<group>"; };
		3C4515E12A0BF2F900C9BA4F /* SceneDelegate.swift */ = {isa = PBXFileReference; lastKnownFileType = sourcecode.swift; path = SceneDelegate.swift; sourceTree = "<group>"; };
		3C4515E32A0BF2F900C9BA4F /* AppFlowCoordinator.swift */ = {isa = PBXFileReference; lastKnownFileType = sourcecode.swift; path = AppFlowCoordinator.swift; sourceTree = "<group>"; };
		3C4515E82A0BF2FB00C9BA4F /* Assets.xcassets */ = {isa = PBXFileReference; lastKnownFileType = folder.assetcatalog; path = Assets.xcassets; sourceTree = "<group>"; };
		3C4515EB2A0BF2FB00C9BA4F /* Base */ = {isa = PBXFileReference; lastKnownFileType = file.storyboard; name = Base; path = Base.lproj/LaunchScreen.storyboard; sourceTree = "<group>"; };
		3C4515ED2A0BF2FB00C9BA4F /* Info.plist */ = {isa = PBXFileReference; lastKnownFileType = text.plist.xml; path = Info.plist; sourceTree = "<group>"; };
		3C6E58422A15FF3A005FC66B /* MissionListView.swift */ = {isa = PBXFileReference; lastKnownFileType = sourcecode.swift; path = MissionListView.swift; sourceTree = "<group>"; };
		3C6E58462A160E73005FC66B /* DetailBoardViewModel.swift */ = {isa = PBXFileReference; lastKnownFileType = sourcecode.swift; path = DetailBoardViewModel.swift; sourceTree = "<group>"; };
		3CCEF9E92A1B9D97009C61E1 /* MoreButton.swift */ = {isa = PBXFileReference; lastKnownFileType = sourcecode.swift; path = MoreButton.swift; sourceTree = "<group>"; };
		3CCEF9EB2A1BA24A009C61E1 /* StampFooterView.swift */ = {isa = PBXFileReference; lastKnownFileType = sourcecode.swift; path = StampFooterView.swift; sourceTree = "<group>"; };
		3CCEF9ED2A1CA2BE009C61E1 /* UIApplication+width.swift */ = {isa = PBXFileReference; lastKnownFileType = sourcecode.swift; path = "UIApplication+width.swift"; sourceTree = "<group>"; };
		3CEE10C42A110F02000C15EC /* MissionCell.swift */ = {isa = PBXFileReference; lastKnownFileType = sourcecode.swift; path = MissionCell.swift; sourceTree = "<group>"; };
		3CF41E452A1F1B5900914421 /* DetailBoardNameView.swift */ = {isa = PBXFileReference; lastKnownFileType = sourcecode.swift; path = DetailBoardNameView.swift; sourceTree = "<group>"; };
		3CF41E472A1F43D400914421 /* LabelWithPadding.swift */ = {isa = PBXFileReference; lastKnownFileType = sourcecode.swift; path = LabelWithPadding.swift; sourceTree = "<group>"; };
		3CF41E4C2A1F834E00914421 /* CompensationView.swift */ = {isa = PBXFileReference; lastKnownFileType = sourcecode.swift; path = CompensationView.swift; sourceTree = "<group>"; };
		3CFB472C2A0FEA2B00B03FFD /* Pretendard-Bold.otf */ = {isa = PBXFileReference; lastKnownFileType = file; path = "Pretendard-Bold.otf"; sourceTree = "<group>"; };
		3CFB472D2A0FEA2B00B03FFD /* Pretendard-Medium.otf */ = {isa = PBXFileReference; lastKnownFileType = file; path = "Pretendard-Medium.otf"; sourceTree = "<group>"; };
		3CFB472E2A0FEA2B00B03FFD /* Pretendard-SemiBold.otf */ = {isa = PBXFileReference; lastKnownFileType = file; path = "Pretendard-SemiBold.otf"; sourceTree = "<group>"; };
		3CFB47322A0FEBE200B03FFD /* UIFont+PretendardFont.swift */ = {isa = PBXFileReference; lastKnownFileType = sourcecode.swift; path = "UIFont+PretendardFont.swift"; sourceTree = "<group>"; };
/* End PBXFileReference section */

/* Begin PBXFrameworksBuildPhase section */
		3C4515D92A0BF2F900C9BA4F /* Frameworks */ = {
			isa = PBXFrameworksBuildPhase;
			buildActionMask = 2147483647;
			files = (
				3C4515FD2A0BF46B00C9BA4F /* SkeletonView in Frameworks */,
				3C4515FA2A0BF43300C9BA4F /* RxSwift in Frameworks */,
				3C4515F82A0BF43300C9BA4F /* RxCocoa in Frameworks */,
				3C4515F52A0BF40200C9BA4F /* SnapKit in Frameworks */,
			);
			runOnlyForDeploymentPostprocessing = 0;
		};
/* End PBXFrameworksBuildPhase section */

/* Begin PBXGroup section */
		3900FA912A32044D009EAC52 /* LinkManagement */ = {
			isa = PBXGroup;
			children = (
				3900FA922A32BADC009EAC52 /* LinkManagementViewController.swift */,
				3900FA962A358595009EAC52 /* Cell */,
			);
			path = LinkManagement;
			sourceTree = "<group>";
		};
		3900FA962A358595009EAC52 /* Cell */ = {
			isa = PBXGroup;
			children = (
				3900FAD32A39B5D1009EAC52 /* LinkListTabCell.swift */,
				3900FADE2A3AB6A8009EAC52 /* ReceivedTabCell.swift */,
				3900FAE02A3AB6B3009EAC52 /* SentTabCell.swift */,
			);
			path = Cell;
			sourceTree = "<group>";
		};
		3900FAA12A370FAF009EAC52 /* SearchBar */ = {
			isa = PBXGroup;
			children = (
				3900FAA22A37135B009EAC52 /* SearchBar.swift */,
				3900FA9D2A36FF47009EAC52 /* SearchBarSubView.swift */,
				3900FA9F2A370F9F009EAC52 /* SearchBarTextField.swift */,
				3900FAA82A378830009EAC52 /* SearchBarStyle.swift */,
			);
			name = SearchBar;
			sourceTree = "<group>";
		};
		3900FAAA2A381DEB009EAC52 /* SectionTabView */ = {
			isa = PBXGroup;
			children = (
				3900FAAB2A381E17009EAC52 /* TabViews.swift */,
				3900FA9B2A35DB65009EAC52 /* TabView.swift */,
				3900FAAD2A381FBA009EAC52 /* TabConfig.swift */,
				3900FAAF2A389FBB009EAC52 /* TabStyle.swift */,
			);
			name = SectionTabView;
			sourceTree = "<group>";
		};
		3900FAD52A39FD22009EAC52 /* Main */ = {
			isa = PBXGroup;
			children = (
				39227BE22A20A10700C86049 /* StampFilter.swift */,
				39227BDE2A1E37FB00C86049 /* StampState.swift */,
				3900FADC2A3AA680009EAC52 /* LinkManagementTabState.swift */,
				3900FAE42A3ABE62009EAC52 /* UIStyleType.swift */,
			);
			path = Main;
			sourceTree = "<group>";
		};
		3900FAD82A39FE30009EAC52 /* Enum */ = {
			isa = PBXGroup;
			children = (
				3900FAD52A39FD22009EAC52 /* Main */,
			);
			path = Enum;
			sourceTree = "<group>";
		};
		3900FAD92A39FE49009EAC52 /* Main */ = {
			isa = PBXGroup;
			children = (
				39D539D22A15F4DE0087B2BD /* UserInfomation.swift */,
				39D539D52A16032D0087B2BD /* MemberType.swift */,
				3900FAD62A39FDD5009EAC52 /* FamilyData.swift */,
			);
			path = Main;
			sourceTree = "<group>";
		};
		39227BEA2A2620D900C86049 /* Common */ = {
			isa = PBXGroup;
			children = (
				39AC7DCF2A1A1029007D58F3 /* CustomRefreshControl.swift */,
				39227BE42A21915D00C86049 /* MemberTypeView.swift */,
				3900FAAA2A381DEB009EAC52 /* SectionTabView */,
				3900FAA12A370FAF009EAC52 /* SearchBar */,
			);
			name = Common;
			sourceTree = "<group>";
		};
		39D539D12A15F4CB0087B2BD /* Data */ = {
			isa = PBXGroup;
			children = (
				3900FAD92A39FE49009EAC52 /* Main */,
				39227BE62A23866300C86049 /* testData.swift */,
			);
			path = Data;
			sourceTree = "<group>";
		};
		39D539DB2A1654680087B2BD /* Cell */ = {
			isa = PBXGroup;
			children = (
				39D539DE2A16568D0087B2BD /* StampBoardHeaderView.swift */,
				39D539DC2A1654B60087B2BD /* InprogressStampBoardCell.swift */,
				39227BE02A1E498700C86049 /* CompletedStampBoardCell.swift */,
				39227BE82A242BDD00C86049 /* EmptyCell.swift */,
			);
			path = Cell;
			sourceTree = "<group>";
		};
		3C0793452A0E628800087F73 /* Main */ = {
			isa = PBXGroup;
			children = (
				3C07934F2A0E63C500087F73 /* MainViewController.swift */,
				39AC7DC72A1825ED007D58F3 /* StampGraphView.swift */,
				39D539DB2A1654680087B2BD /* Cell */,
				3900FA912A32044D009EAC52 /* LinkManagement */,
			);
			path = Main;
			sourceTree = "<group>";
		};
		3C0793462A0E629000087F73 /* StampBoard */ = {
			isa = PBXGroup;
			children = (
				3CF41E492A1F809700914421 /* Common */,
				3C1E9F3D2A174DBB0074A58C /* MissionList */,
				3CCEF9EF2A1CA8F9009C61E1 /* Stamp */,
				3CF41E4A2A1F80AE00914421 /* DetailBoardName */,
				3CF41E4B2A1F831600914421 /* CompensationView */,
				3C6E58462A160E73005FC66B /* DetailBoardViewModel.swift */,
				3C07934D2A0E639F00087F73 /* DetailBoardViewController.swift */,
			);
			path = StampBoard;
			sourceTree = "<group>";
		};
		3C1E9F3D2A174DBB0074A58C /* MissionList */ = {
			isa = PBXGroup;
			children = (
				3C0793472A0E637700087F73 /* MissionHeaderView.swift */,
				3CEE10C42A110F02000C15EC /* MissionCell.swift */,
				3C6E58422A15FF3A005FC66B /* MissionListView.swift */,
			);
			path = MissionList;
			sourceTree = "<group>";
		};
		3C2300A02A0E34ED00130D1B /* Extensions */ = {
			isa = PBXGroup;
			children = (
				3C2300A32A0E358700130D1B /* UIColor+extension.swift */,
				397366CA2A10FA35007D998F /* UIImage+extension.swift */,
				3900FADA2A3A9E33009EAC52 /* UIImageView+extension.swift */,
				3CFB47322A0FEBE200B03FFD /* UIFont+PretendardFont.swift */,
				3C1E9F3F2A176D0E0074A58C /* UICollectionView+reloadDataWIthAnimation.swift */,
				3CCEF9ED2A1CA2BE009C61E1 /* UIApplication+width.swift */,
				397366CC2A112967007D998F /* UILabel+extension.swift */,
				39AC7DCB2A1839C3007D58F3 /* UIView+Border.swift */,
				3900FAA42A377340009EAC52 /* UIView+Animation.swift */,
				3900FAA62A3785FA009EAC52 /* UIButton+extension.swift */,
			);
			path = Extensions;
			sourceTree = "<group>";
		};
		3C4515D32A0BF2F900C9BA4F = {
			isa = PBXGroup;
			children = (
				3C4515DE2A0BF2F900C9BA4F /* POLZZAK */,
				3C4515DD2A0BF2F900C9BA4F /* Products */,
			);
			sourceTree = "<group>";
		};
		3C4515DD2A0BF2F900C9BA4F /* Products */ = {
			isa = PBXGroup;
			children = (
				3C4515DC2A0BF2F900C9BA4F /* POLZZAK.app */,
			);
			name = Products;
			sourceTree = "<group>";
		};
		3C4515DE2A0BF2F900C9BA4F /* POLZZAK */ = {
			isa = PBXGroup;
			children = (
				3C4515DF2A0BF2F900C9BA4F /* AppDelegate.swift */,
				3C4515E12A0BF2F900C9BA4F /* SceneDelegate.swift */,
				3C4515E32A0BF2F900C9BA4F /* AppFlowCoordinator.swift */,
				397366CE2A114439007D998F /* TabBarController.swift */,
				3C0793452A0E628800087F73 /* Main */,
				3C0793462A0E629000087F73 /* StampBoard */,
				39227BEA2A2620D900C86049 /* Common */,
				3C2300A02A0E34ED00130D1B /* Extensions */,
				3900FAD82A39FE30009EAC52 /* Enum */,
				39D539D12A15F4CB0087B2BD /* Data */,
				3CFB472A2A0FEA1300B03FFD /* Fonts */,
				3C4515E82A0BF2FB00C9BA4F /* Assets.xcassets */,
				3C4515EA2A0BF2FB00C9BA4F /* LaunchScreen.storyboard */,
				3C4515ED2A0BF2FB00C9BA4F /* Info.plist */,
			);
			path = POLZZAK;
			sourceTree = "<group>";
		};
		3CCEF9EF2A1CA8F9009C61E1 /* Stamp */ = {
			isa = PBXGroup;
			children = (
				3C0793492A0E637700087F73 /* StampView.swift */,
				3CCEF9EB2A1BA24A009C61E1 /* StampFooterView.swift */,
				3C43C5CD2A1B64F800D7B9DD /* StampSize.swift */,
				3C43C5C92A1B527900D7B9DD /* StampCell.swift */,
			);
			path = Stamp;
			sourceTree = "<group>";
		};
		3CF41E492A1F809700914421 /* Common */ = {
			isa = PBXGroup;
			children = (
				3CCEF9E92A1B9D97009C61E1 /* MoreButton.swift */,
				3CF41E472A1F43D400914421 /* LabelWithPadding.swift */,
				3C43C5CB2A1B5EED00D7B9DD /* CollectionViewLayoutFactory.swift */,
			);
			path = Common;
			sourceTree = "<group>";
		};
		3CF41E4A2A1F80AE00914421 /* DetailBoardName */ = {
			isa = PBXGroup;
			children = (
				3CF41E452A1F1B5900914421 /* DetailBoardNameView.swift */,
			);
			path = DetailBoardName;
			sourceTree = "<group>";
		};
		3CF41E4B2A1F831600914421 /* CompensationView */ = {
			isa = PBXGroup;
			children = (
				3CF41E4C2A1F834E00914421 /* CompensationView.swift */,
			);
			path = CompensationView;
			sourceTree = "<group>";
		};
		3CFB472A2A0FEA1300B03FFD /* Fonts */ = {
			isa = PBXGroup;
			children = (
				3CFB472B2A0FEA1C00B03FFD /* Pretendard */,
			);
			path = Fonts;
			sourceTree = "<group>";
		};
		3CFB472B2A0FEA1C00B03FFD /* Pretendard */ = {
			isa = PBXGroup;
			children = (
				3CFB472C2A0FEA2B00B03FFD /* Pretendard-Bold.otf */,
				3CFB472E2A0FEA2B00B03FFD /* Pretendard-SemiBold.otf */,
				3CFB472D2A0FEA2B00B03FFD /* Pretendard-Medium.otf */,
				395FF05D2A2F5DAC00E1377D /* Pretendard-Regular.otf */,
			);
			path = Pretendard;
			sourceTree = "<group>";
		};
/* End PBXGroup section */

/* Begin PBXNativeTarget section */
		3C4515DB2A0BF2F900C9BA4F /* POLZZAK */ = {
			isa = PBXNativeTarget;
			buildConfigurationList = 3C4515F02A0BF2FB00C9BA4F /* Build configuration list for PBXNativeTarget "POLZZAK" */;
			buildPhases = (
				3C4515D82A0BF2F900C9BA4F /* Sources */,
				3C4515D92A0BF2F900C9BA4F /* Frameworks */,
				3C4515DA2A0BF2F900C9BA4F /* Resources */,
			);
			buildRules = (
			);
			dependencies = (
			);
			name = POLZZAK;
			packageProductDependencies = (
				3C4515F42A0BF40200C9BA4F /* SnapKit */,
				3C4515F72A0BF43300C9BA4F /* RxCocoa */,
				3C4515F92A0BF43300C9BA4F /* RxSwift */,
				3C4515FC2A0BF46B00C9BA4F /* SkeletonView */,
			);
			productName = POLZZAK;
			productReference = 3C4515DC2A0BF2F900C9BA4F /* POLZZAK.app */;
			productType = "com.apple.product-type.application";
		};
/* End PBXNativeTarget section */

/* Begin PBXProject section */
		3C4515D42A0BF2F900C9BA4F /* Project object */ = {
			isa = PBXProject;
			attributes = {
				BuildIndependentTargetsInParallel = 1;
				LastSwiftUpdateCheck = 1430;
				LastUpgradeCheck = 1430;
				TargetAttributes = {
					3C4515DB2A0BF2F900C9BA4F = {
						CreatedOnToolsVersion = 14.3;
					};
				};
			};
			buildConfigurationList = 3C4515D72A0BF2F900C9BA4F /* Build configuration list for PBXProject "POLZZAK" */;
			compatibilityVersion = "Xcode 14.0";
			developmentRegion = en;
			hasScannedForEncodings = 0;
			knownRegions = (
				en,
				Base,
			);
			mainGroup = 3C4515D32A0BF2F900C9BA4F;
			packageReferences = (
				3C4515F32A0BF40200C9BA4F /* XCRemoteSwiftPackageReference "SnapKit" */,
				3C4515F62A0BF43300C9BA4F /* XCRemoteSwiftPackageReference "RxSwift" */,
				3C4515FB2A0BF46B00C9BA4F /* XCRemoteSwiftPackageReference "SkeletonView" */,
			);
			productRefGroup = 3C4515DD2A0BF2F900C9BA4F /* Products */;
			projectDirPath = "";
			projectRoot = "";
			targets = (
				3C4515DB2A0BF2F900C9BA4F /* POLZZAK */,
			);
		};
/* End PBXProject section */

/* Begin PBXResourcesBuildPhase section */
		3C4515DA2A0BF2F900C9BA4F /* Resources */ = {
			isa = PBXResourcesBuildPhase;
			buildActionMask = 2147483647;
			files = (
				3C4515EC2A0BF2FB00C9BA4F /* LaunchScreen.storyboard in Resources */,
				3CF28D872A306D91000B0A91 /* Pretendard-Regular.otf in Resources */,
				3CFB472F2A0FEA2B00B03FFD /* Pretendard-Bold.otf in Resources */,
				3CFB47312A0FEA2B00B03FFD /* Pretendard-SemiBold.otf in Resources */,
				3C4515E92A0BF2FB00C9BA4F /* Assets.xcassets in Resources */,
				3CFB47302A0FEA2B00B03FFD /* Pretendard-Medium.otf in Resources */,
			);
			runOnlyForDeploymentPostprocessing = 0;
		};
/* End PBXResourcesBuildPhase section */

/* Begin PBXSourcesBuildPhase section */
		3C4515D82A0BF2F900C9BA4F /* Sources */ = {
			isa = PBXSourcesBuildPhase;
			buildActionMask = 2147483647;
			files = (
				3900FADF2A3AB6A8009EAC52 /* ReceivedTabCell.swift in Sources */,
				DABA1CD02A31FB5E009E351B /* AppDelegate.swift in Sources */,
				3900FAA02A370F9F009EAC52 /* SearchBarTextField.swift in Sources */,
				3900FAA92A378830009EAC52 /* SearchBarStyle.swift in Sources */,
				3900FAAE2A381FBA009EAC52 /* TabConfig.swift in Sources */,
				3900FAA52A377340009EAC52 /* UIView+Animation.swift in Sources */,
				DABA1CD12A31FB5E009E351B /* SceneDelegate.swift in Sources */,
				3900FADB2A3A9E33009EAC52 /* UIImageView+extension.swift in Sources */,
				DABA1CD22A31FB5E009E351B /* MissionHeaderView.swift in Sources */,
				3900FAA72A3785FA009EAC52 /* UIButton+extension.swift in Sources */,
				DABA1CD32A31FB5E009E351B /* StampView.swift in Sources */,
				3900FAAC2A381E17009EAC52 /* TabViews.swift in Sources */,
				DABA1CD42A31FB5E009E351B /* DetailBoardViewController.swift in Sources */,
				3900FAD72A39FDD5009EAC52 /* FamilyData.swift in Sources */,
				DABA1CD52A31FB5E009E351B /* UIFont+PretendardFont.swift in Sources */,
				39227BDF2A1E37FB00C86049 /* StampState.swift in Sources */,
				3900FAA32A37135B009EAC52 /* SearchBar.swift in Sources */,
				39AC7DC82A1825ED007D58F3 /* StampGraphView.swift in Sources */,
				39227BE72A23866300C86049 /* testData.swift in Sources */,
				39D539DD2A1654B60087B2BD /* InprogressStampBoardCell.swift in Sources */,
				3C4515E42A0BF2F900C9BA4F /* AppFlowCoordinator.swift in Sources */,
				3CF41E482A1F43D500914421 /* LabelWithPadding.swift in Sources */,
				3CCEF9EE2A1CA2BE009C61E1 /* UIApplication+width.swift in Sources */,
				3900FA9E2A36FF47009EAC52 /* SearchBarSubView.swift in Sources */,
				3CF41E4D2A1F834E00914421 /* CompensationView.swift in Sources */,
				3CCEF9EA2A1B9D97009C61E1 /* MoreButton.swift in Sources */,
				3C6E58472A160E73005FC66B /* DetailBoardViewModel.swift in Sources */,
				3CEE10C52A110F02000C15EC /* MissionCell.swift in Sources */,
				3C6E58432A15FF3A005FC66B /* MissionListView.swift in Sources */,
				39AC7DD02A1A1029007D58F3 /* CustomRefreshControl.swift in Sources */,
				397366CF2A114439007D998F /* TabBarController.swift in Sources */,
				397366CB2A10FA35007D998F /* UIImage+extension.swift in Sources */,
				3900FAE12A3AB6B3009EAC52 /* SentTabCell.swift in Sources */,
				39D539DF2A16568D0087B2BD /* StampBoardHeaderView.swift in Sources */,
				39AC7DCC2A1839C3007D58F3 /* UIView+Border.swift in Sources */,
				39227BE52A21915D00C86049 /* MemberTypeView.swift in Sources */,
				397366CD2A112967007D998F /* UILabel+extension.swift in Sources */,
				39227BE12A1E498700C86049 /* CompletedStampBoardCell.swift in Sources */,
				3C0793502A0E63C500087F73 /* MainViewController.swift in Sources */,
				39D539D62A16032D0087B2BD /* MemberType.swift in Sources */,
				3900FAB02A389FBB009EAC52 /* TabStyle.swift in Sources */,
				3C2300A42A0E358700130D1B /* UIColor+extension.swift in Sources */,
				3C43C5CE2A1B64F800D7B9DD /* StampSize.swift in Sources */,
				3900FAE52A3ABE62009EAC52 /* UIStyleType.swift in Sources */,
				3900FA932A32BADC009EAC52 /* LinkManagementViewController.swift in Sources */,
				3C1E9F402A176D0E0074A58C /* UICollectionView+reloadDataWIthAnimation.swift in Sources */,
				3900FAD42A39B5D1009EAC52 /* LinkListTabCell.swift in Sources */,
				3C43C5CC2A1B5EED00D7B9DD /* CollectionViewLayoutFactory.swift in Sources */,
				3C43C5CA2A1B527900D7B9DD /* StampCell.swift in Sources */,
				3CCEF9EC2A1BA24A009C61E1 /* StampFooterView.swift in Sources */,
				3CF41E462A1F1B5900914421 /* DetailBoardNameView.swift in Sources */,
				39D539D32A15F4DE0087B2BD /* UserInfomation.swift in Sources */,
				3900FADD2A3AA680009EAC52 /* LinkManagementTabState.swift in Sources */,
				39227BE32A20A10700C86049 /* StampFilter.swift in Sources */,
				39227BE92A242BDD00C86049 /* EmptyCell.swift in Sources */,
				3900FA9C2A35DB65009EAC52 /* TabView.swift in Sources */,
			);
			runOnlyForDeploymentPostprocessing = 0;
		};
/* End PBXSourcesBuildPhase section */

/* Begin PBXVariantGroup section */
		3C4515EA2A0BF2FB00C9BA4F /* LaunchScreen.storyboard */ = {
			isa = PBXVariantGroup;
			children = (
				3C4515EB2A0BF2FB00C9BA4F /* Base */,
			);
			name = LaunchScreen.storyboard;
			sourceTree = "<group>";
		};
/* End PBXVariantGroup section */

/* Begin XCBuildConfiguration section */
		3C4515EE2A0BF2FB00C9BA4F /* Debug */ = {
			isa = XCBuildConfiguration;
			buildSettings = {
				ALWAYS_SEARCH_USER_PATHS = NO;
				CLANG_ANALYZER_NONNULL = YES;
				CLANG_ANALYZER_NUMBER_OBJECT_CONVERSION = YES_AGGRESSIVE;
				CLANG_CXX_LANGUAGE_STANDARD = "gnu++20";
				CLANG_ENABLE_MODULES = YES;
				CLANG_ENABLE_OBJC_ARC = YES;
				CLANG_ENABLE_OBJC_WEAK = YES;
				CLANG_WARN_BLOCK_CAPTURE_AUTORELEASING = YES;
				CLANG_WARN_BOOL_CONVERSION = YES;
				CLANG_WARN_COMMA = YES;
				CLANG_WARN_CONSTANT_CONVERSION = YES;
				CLANG_WARN_DEPRECATED_OBJC_IMPLEMENTATIONS = YES;
				CLANG_WARN_DIRECT_OBJC_ISA_USAGE = YES_ERROR;
				CLANG_WARN_DOCUMENTATION_COMMENTS = YES;
				CLANG_WARN_EMPTY_BODY = YES;
				CLANG_WARN_ENUM_CONVERSION = YES;
				CLANG_WARN_INFINITE_RECURSION = YES;
				CLANG_WARN_INT_CONVERSION = YES;
				CLANG_WARN_NON_LITERAL_NULL_CONVERSION = YES;
				CLANG_WARN_OBJC_IMPLICIT_RETAIN_SELF = YES;
				CLANG_WARN_OBJC_LITERAL_CONVERSION = YES;
				CLANG_WARN_OBJC_ROOT_CLASS = YES_ERROR;
				CLANG_WARN_QUOTED_INCLUDE_IN_FRAMEWORK_HEADER = YES;
				CLANG_WARN_RANGE_LOOP_ANALYSIS = YES;
				CLANG_WARN_STRICT_PROTOTYPES = YES;
				CLANG_WARN_SUSPICIOUS_MOVE = YES;
				CLANG_WARN_UNGUARDED_AVAILABILITY = YES_AGGRESSIVE;
				CLANG_WARN_UNREACHABLE_CODE = YES;
				CLANG_WARN__DUPLICATE_METHOD_MATCH = YES;
				COPY_PHASE_STRIP = NO;
				DEBUG_INFORMATION_FORMAT = dwarf;
				ENABLE_STRICT_OBJC_MSGSEND = YES;
				ENABLE_TESTABILITY = YES;
				GCC_C_LANGUAGE_STANDARD = gnu11;
				GCC_DYNAMIC_NO_PIC = NO;
				GCC_NO_COMMON_BLOCKS = YES;
				GCC_OPTIMIZATION_LEVEL = 0;
				GCC_PREPROCESSOR_DEFINITIONS = (
					"DEBUG=1",
					"$(inherited)",
				);
				GCC_WARN_64_TO_32_BIT_CONVERSION = YES;
				GCC_WARN_ABOUT_RETURN_TYPE = YES_ERROR;
				GCC_WARN_UNDECLARED_SELECTOR = YES;
				GCC_WARN_UNINITIALIZED_AUTOS = YES_AGGRESSIVE;
				GCC_WARN_UNUSED_FUNCTION = YES;
				GCC_WARN_UNUSED_VARIABLE = YES;
				IPHONEOS_DEPLOYMENT_TARGET = 15.0;
				MTL_ENABLE_DEBUG_INFO = INCLUDE_SOURCE;
				MTL_FAST_MATH = YES;
				ONLY_ACTIVE_ARCH = YES;
				SDKROOT = iphoneos;
				SWIFT_ACTIVE_COMPILATION_CONDITIONS = DEBUG;
				SWIFT_OPTIMIZATION_LEVEL = "-Onone";
			};
			name = Debug;
		};
		3C4515EF2A0BF2FB00C9BA4F /* Release */ = {
			isa = XCBuildConfiguration;
			buildSettings = {
				ALWAYS_SEARCH_USER_PATHS = NO;
				CLANG_ANALYZER_NONNULL = YES;
				CLANG_ANALYZER_NUMBER_OBJECT_CONVERSION = YES_AGGRESSIVE;
				CLANG_CXX_LANGUAGE_STANDARD = "gnu++20";
				CLANG_ENABLE_MODULES = YES;
				CLANG_ENABLE_OBJC_ARC = YES;
				CLANG_ENABLE_OBJC_WEAK = YES;
				CLANG_WARN_BLOCK_CAPTURE_AUTORELEASING = YES;
				CLANG_WARN_BOOL_CONVERSION = YES;
				CLANG_WARN_COMMA = YES;
				CLANG_WARN_CONSTANT_CONVERSION = YES;
				CLANG_WARN_DEPRECATED_OBJC_IMPLEMENTATIONS = YES;
				CLANG_WARN_DIRECT_OBJC_ISA_USAGE = YES_ERROR;
				CLANG_WARN_DOCUMENTATION_COMMENTS = YES;
				CLANG_WARN_EMPTY_BODY = YES;
				CLANG_WARN_ENUM_CONVERSION = YES;
				CLANG_WARN_INFINITE_RECURSION = YES;
				CLANG_WARN_INT_CONVERSION = YES;
				CLANG_WARN_NON_LITERAL_NULL_CONVERSION = YES;
				CLANG_WARN_OBJC_IMPLICIT_RETAIN_SELF = YES;
				CLANG_WARN_OBJC_LITERAL_CONVERSION = YES;
				CLANG_WARN_OBJC_ROOT_CLASS = YES_ERROR;
				CLANG_WARN_QUOTED_INCLUDE_IN_FRAMEWORK_HEADER = YES;
				CLANG_WARN_RANGE_LOOP_ANALYSIS = YES;
				CLANG_WARN_STRICT_PROTOTYPES = YES;
				CLANG_WARN_SUSPICIOUS_MOVE = YES;
				CLANG_WARN_UNGUARDED_AVAILABILITY = YES_AGGRESSIVE;
				CLANG_WARN_UNREACHABLE_CODE = YES;
				CLANG_WARN__DUPLICATE_METHOD_MATCH = YES;
				COPY_PHASE_STRIP = NO;
				DEBUG_INFORMATION_FORMAT = "dwarf-with-dsym";
				ENABLE_NS_ASSERTIONS = NO;
				ENABLE_STRICT_OBJC_MSGSEND = YES;
				GCC_C_LANGUAGE_STANDARD = gnu11;
				GCC_NO_COMMON_BLOCKS = YES;
				GCC_WARN_64_TO_32_BIT_CONVERSION = YES;
				GCC_WARN_ABOUT_RETURN_TYPE = YES_ERROR;
				GCC_WARN_UNDECLARED_SELECTOR = YES;
				GCC_WARN_UNINITIALIZED_AUTOS = YES_AGGRESSIVE;
				GCC_WARN_UNUSED_FUNCTION = YES;
				GCC_WARN_UNUSED_VARIABLE = YES;
				IPHONEOS_DEPLOYMENT_TARGET = 15.0;
				MTL_ENABLE_DEBUG_INFO = NO;
				MTL_FAST_MATH = YES;
				SDKROOT = iphoneos;
				SWIFT_COMPILATION_MODE = wholemodule;
				SWIFT_OPTIMIZATION_LEVEL = "-O";
				VALIDATE_PRODUCT = YES;
			};
			name = Release;
		};
		3C4515F12A0BF2FB00C9BA4F /* Debug */ = {
			isa = XCBuildConfiguration;
			buildSettings = {
				ASSETCATALOG_COMPILER_APPICON_NAME = AppIcon;
				ASSETCATALOG_COMPILER_GLOBAL_ACCENT_COLOR_NAME = AccentColor;
				CODE_SIGN_IDENTITY = "Apple Development";
				"CODE_SIGN_IDENTITY[sdk=iphoneos*]" = "iPhone Developer";
				CODE_SIGN_STYLE = Manual;
				CURRENT_PROJECT_VERSION = 1;
				DEVELOPMENT_TEAM = "";
				"DEVELOPMENT_TEAM[sdk=iphoneos*]" = 2W776SPR4X;
				GENERATE_INFOPLIST_FILE = YES;
				INFOPLIST_FILE = POLZZAK/Info.plist;
				INFOPLIST_KEY_UIApplicationSupportsIndirectInputEvents = YES;
				INFOPLIST_KEY_UILaunchStoryboardName = LaunchScreen;
				INFOPLIST_KEY_UISupportedInterfaceOrientations_iPad = "UIInterfaceOrientationPortrait UIInterfaceOrientationPortraitUpsideDown UIInterfaceOrientationLandscapeLeft UIInterfaceOrientationLandscapeRight";
				INFOPLIST_KEY_UISupportedInterfaceOrientations_iPhone = "UIInterfaceOrientationPortrait UIInterfaceOrientationLandscapeLeft UIInterfaceOrientationLandscapeRight";
				IPHONEOS_DEPLOYMENT_TARGET = 15.0;
				LD_RUNPATH_SEARCH_PATHS = (
					"$(inherited)",
					"@executable_path/Frameworks",
				);
				MARKETING_VERSION = 1.0;
				PRODUCT_BUNDLE_IDENTIFIER = com.z3rosmith.POLZZAK;
				PRODUCT_NAME = "$(TARGET_NAME)";
				PROVISIONING_PROFILE_SPECIFIER = "";
				"PROVISIONING_PROFILE_SPECIFIER[sdk=iphoneos*]" = dev_POLZZAK;
				SUPPORTED_PLATFORMS = "iphoneos iphonesimulator";
				SUPPORTS_MACCATALYST = NO;
				SUPPORTS_MAC_DESIGNED_FOR_IPHONE_IPAD = NO;
				SWIFT_EMIT_LOC_STRINGS = YES;
				SWIFT_VERSION = 5.0;
				TARGETED_DEVICE_FAMILY = 1;
			};
			name = Debug;
		};
		3C4515F22A0BF2FB00C9BA4F /* Release */ = {
			isa = XCBuildConfiguration;
			buildSettings = {
				ASSETCATALOG_COMPILER_APPICON_NAME = AppIcon;
				ASSETCATALOG_COMPILER_GLOBAL_ACCENT_COLOR_NAME = AccentColor;
				CODE_SIGN_IDENTITY = "Apple Development";
				"CODE_SIGN_IDENTITY[sdk=iphoneos*]" = "iPhone Distribution";
				CODE_SIGN_STYLE = Manual;
				CURRENT_PROJECT_VERSION = 1;
				DEVELOPMENT_TEAM = "";
				"DEVELOPMENT_TEAM[sdk=iphoneos*]" = 2W776SPR4X;
				GENERATE_INFOPLIST_FILE = YES;
				INFOPLIST_FILE = POLZZAK/Info.plist;
				INFOPLIST_KEY_UIApplicationSupportsIndirectInputEvents = YES;
				INFOPLIST_KEY_UILaunchStoryboardName = LaunchScreen;
				INFOPLIST_KEY_UISupportedInterfaceOrientations_iPad = "UIInterfaceOrientationPortrait UIInterfaceOrientationPortraitUpsideDown UIInterfaceOrientationLandscapeLeft UIInterfaceOrientationLandscapeRight";
				INFOPLIST_KEY_UISupportedInterfaceOrientations_iPhone = "UIInterfaceOrientationPortrait UIInterfaceOrientationLandscapeLeft UIInterfaceOrientationLandscapeRight";
				IPHONEOS_DEPLOYMENT_TARGET = 15.0;
				LD_RUNPATH_SEARCH_PATHS = (
					"$(inherited)",
					"@executable_path/Frameworks",
				);
				MARKETING_VERSION = 1.0;
				PRODUCT_BUNDLE_IDENTIFIER = com.z3rosmith.POLZZAK;
				PRODUCT_NAME = "$(TARGET_NAME)";
				PROVISIONING_PROFILE_SPECIFIER = "";
				"PROVISIONING_PROFILE_SPECIFIER[sdk=iphoneos*]" = adhoc_POLZZAK;
				SUPPORTED_PLATFORMS = "iphoneos iphonesimulator";
				SUPPORTS_MACCATALYST = NO;
				SUPPORTS_MAC_DESIGNED_FOR_IPHONE_IPAD = NO;
				SWIFT_EMIT_LOC_STRINGS = YES;
				SWIFT_VERSION = 5.0;
				TARGETED_DEVICE_FAMILY = 1;
			};
			name = Release;
		};
/* End XCBuildConfiguration section */

/* Begin XCConfigurationList section */
		3C4515D72A0BF2F900C9BA4F /* Build configuration list for PBXProject "POLZZAK" */ = {
			isa = XCConfigurationList;
			buildConfigurations = (
				3C4515EE2A0BF2FB00C9BA4F /* Debug */,
				3C4515EF2A0BF2FB00C9BA4F /* Release */,
			);
			defaultConfigurationIsVisible = 0;
			defaultConfigurationName = Release;
		};
		3C4515F02A0BF2FB00C9BA4F /* Build configuration list for PBXNativeTarget "POLZZAK" */ = {
			isa = XCConfigurationList;
			buildConfigurations = (
				3C4515F12A0BF2FB00C9BA4F /* Debug */,
				3C4515F22A0BF2FB00C9BA4F /* Release */,
			);
			defaultConfigurationIsVisible = 0;
			defaultConfigurationName = Release;
		};
/* End XCConfigurationList section */

/* Begin XCRemoteSwiftPackageReference section */
		3C4515F32A0BF40200C9BA4F /* XCRemoteSwiftPackageReference "SnapKit" */ = {
			isa = XCRemoteSwiftPackageReference;
			repositoryURL = "https://github.com/SnapKit/SnapKit.git";
			requirement = {
				kind = upToNextMajorVersion;
				minimumVersion = 5.0.0;
			};
		};
		3C4515F62A0BF43300C9BA4F /* XCRemoteSwiftPackageReference "RxSwift" */ = {
			isa = XCRemoteSwiftPackageReference;
			repositoryURL = "https://github.com/ReactiveX/RxSwift.git";
			requirement = {
				kind = upToNextMajorVersion;
				minimumVersion = 6.0.0;
			};
		};
		3C4515FB2A0BF46B00C9BA4F /* XCRemoteSwiftPackageReference "SkeletonView" */ = {
			isa = XCRemoteSwiftPackageReference;
			repositoryURL = "https://github.com/Juanpe/SkeletonView.git";
			requirement = {
				kind = upToNextMajorVersion;
				minimumVersion = 1.0.0;
			};
		};
/* End XCRemoteSwiftPackageReference section */

/* Begin XCSwiftPackageProductDependency section */
		3C4515F42A0BF40200C9BA4F /* SnapKit */ = {
			isa = XCSwiftPackageProductDependency;
			package = 3C4515F32A0BF40200C9BA4F /* XCRemoteSwiftPackageReference "SnapKit" */;
			productName = SnapKit;
		};
		3C4515F72A0BF43300C9BA4F /* RxCocoa */ = {
			isa = XCSwiftPackageProductDependency;
			package = 3C4515F62A0BF43300C9BA4F /* XCRemoteSwiftPackageReference "RxSwift" */;
			productName = RxCocoa;
		};
		3C4515F92A0BF43300C9BA4F /* RxSwift */ = {
			isa = XCSwiftPackageProductDependency;
			package = 3C4515F62A0BF43300C9BA4F /* XCRemoteSwiftPackageReference "RxSwift" */;
			productName = RxSwift;
		};
		3C4515FC2A0BF46B00C9BA4F /* SkeletonView */ = {
			isa = XCSwiftPackageProductDependency;
			package = 3C4515FB2A0BF46B00C9BA4F /* XCRemoteSwiftPackageReference "SkeletonView" */;
			productName = SkeletonView;
		};
/* End XCSwiftPackageProductDependency section */
	};
	rootObject = 3C4515D42A0BF2F900C9BA4F /* Project object */;
}
