// !$*UTF8*$!
{
	archiveVersion = 1;
	classes = {
	};
	objectVersion = 56;
	objects = {

/* Begin PBXBuildFile section */
		3C4515E02A0BF2F900C9BA4F /* AppDelegate.swift in Sources */ = {isa = PBXBuildFile; fileRef = 3C4515DF2A0BF2F900C9BA4F /* AppDelegate.swift */; };
		3C4515E22A0BF2F900C9BA4F /* SceneDelegate.swift in Sources */ = {isa = PBXBuildFile; fileRef = 3C4515E12A0BF2F900C9BA4F /* SceneDelegate.swift */; };
		3C4515E42A0BF2F900C9BA4F /* ViewController.swift in Sources */ = {isa = PBXBuildFile; fileRef = 3C4515E32A0BF2F900C9BA4F /* ViewController.swift */; };
		3C4515E92A0BF2FB00C9BA4F /* Assets.xcassets in Resources */ = {isa = PBXBuildFile; fileRef = 3C4515E82A0BF2FB00C9BA4F /* Assets.xcassets */; };
		3C4515EC2A0BF2FB00C9BA4F /* LaunchScreen.storyboard in Resources */ = {isa = PBXBuildFile; fileRef = 3C4515EA2A0BF2FB00C9BA4F /* LaunchScreen.storyboard */; };
		3C4515F52A0BF40200C9BA4F /* SnapKit in Frameworks */ = {isa = PBXBuildFile; productRef = 3C4515F42A0BF40200C9BA4F /* SnapKit */; };
		3C4515F82A0BF43300C9BA4F /* RxCocoa in Frameworks */ = {isa = PBXBuildFile; productRef = 3C4515F72A0BF43300C9BA4F /* RxCocoa */; };
		3C4515FA2A0BF43300C9BA4F /* RxSwift in Frameworks */ = {isa = PBXBuildFile; productRef = 3C4515F92A0BF43300C9BA4F /* RxSwift */; };
		3C4515FD2A0BF46B00C9BA4F /* SkeletonView in Frameworks */ = {isa = PBXBuildFile; productRef = 3C4515FC2A0BF46B00C9BA4F /* SkeletonView */; };
/* End PBXBuildFile section */

/* Begin PBXFileReference section */
		3C4515DC2A0BF2F900C9BA4F /* POLZZAK.app */ = {isa = PBXFileReference; explicitFileType = wrapper.application; includeInIndex = 0; path = POLZZAK.app; sourceTree = BUILT_PRODUCTS_DIR; };
		3C4515DF2A0BF2F900C9BA4F /* AppDelegate.swift */ = {isa = PBXFileReference; lastKnownFileType = sourcecode.swift; path = AppDelegate.swift; sourceTree = "<group>"; };
		3C4515E12A0BF2F900C9BA4F /* SceneDelegate.swift */ = {isa = PBXFileReference; lastKnownFileType = sourcecode.swift; path = SceneDelegate.swift; sourceTree = "<group>"; };
		3C4515E32A0BF2F900C9BA4F /* ViewController.swift */ = {isa = PBXFileReference; lastKnownFileType = sourcecode.swift; path = ViewController.swift; sourceTree = "<group>"; };
		3C4515E82A0BF2FB00C9BA4F /* Assets.xcassets */ = {isa = PBXFileReference; lastKnownFileType = folder.assetcatalog; path = Assets.xcassets; sourceTree = "<group>"; };
		3C4515EB2A0BF2FB00C9BA4F /* Base */ = {isa = PBXFileReference; lastKnownFileType = file.storyboard; name = Base; path = Base.lproj/LaunchScreen.storyboard; sourceTree = "<group>"; };
		3C4515ED2A0BF2FB00C9BA4F /* Info.plist */ = {isa = PBXFileReference; lastKnownFileType = text.plist.xml; path = Info.plist; sourceTree = "<group>"; };
/* End PBXFileReference section */

/* Begin PBXFrameworksBuildPhase section */
		3C4515D92A0BF2F900C9BA4F /* Frameworks */ = {
			isa = PBXFrameworksBuildPhase;
			buildActionMask = 2147483647;
			files = (
				3C4515FD2A0BF46B00C9BA4F /* SkeletonView in Frameworks */,
				3C4515FA2A0BF43300C9BA4F /* RxSwift in Frameworks */,
				3C4515F82A0BF43300C9BA4F /* RxCocoa in Frameworks */,
				3C4515F52A0BF40200C9BA4F /* SnapKit in Frameworks */,
			);
			runOnlyForDeploymentPostprocessing = 0;
		};
/* End PBXFrameworksBuildPhase section */

/* Begin PBXGroup section */
		3C4515D32A0BF2F900C9BA4F = {
			isa = PBXGroup;
			children = (
				3C4515DE2A0BF2F900C9BA4F /* POLZZAK */,
				3C4515DD2A0BF2F900C9BA4F /* Products */,
			);
			sourceTree = "<group>";
		};
		3C4515DD2A0BF2F900C9BA4F /* Products */ = {
			isa = PBXGroup;
			children = (
				3C4515DC2A0BF2F900C9BA4F /* POLZZAK.app */,
			);
			name = Products;
			sourceTree = "<group>";
		};
		3C4515DE2A0BF2F900C9BA4F /* POLZZAK */ = {
			isa = PBXGroup;
			children = (
				3C4515DF2A0BF2F900C9BA4F /* AppDelegate.swift */,
				3C4515E12A0BF2F900C9BA4F /* SceneDelegate.swift */,
				3C4515E32A0BF2F900C9BA4F /* ViewController.swift */,
				3C4515E82A0BF2FB00C9BA4F /* Assets.xcassets */,
				3C4515EA2A0BF2FB00C9BA4F /* LaunchScreen.storyboard */,
				3C4515ED2A0BF2FB00C9BA4F /* Info.plist */,
			);
			path = POLZZAK;
			sourceTree = "<group>";
		};
/* End PBXGroup section */

/* Begin PBXNativeTarget section */
		3C4515DB2A0BF2F900C9BA4F /* POLZZAK */ = {
			isa = PBXNativeTarget;
			buildConfigurationList = 3C4515F02A0BF2FB00C9BA4F /* Build configuration list for PBXNativeTarget "POLZZAK" */;
			buildPhases = (
				3C4515D82A0BF2F900C9BA4F /* Sources */,
				3C4515D92A0BF2F900C9BA4F /* Frameworks */,
				3C4515DA2A0BF2F900C9BA4F /* Resources */,
			);
			buildRules = (
			);
			dependencies = (
			);
			name = POLZZAK;
			packageProductDependencies = (
				3C4515F42A0BF40200C9BA4F /* SnapKit */,
				3C4515F72A0BF43300C9BA4F /* RxCocoa */,
				3C4515F92A0BF43300C9BA4F /* RxSwift */,
				3C4515FC2A0BF46B00C9BA4F /* SkeletonView */,
			);
			productName = POLZZAK;
			productReference = 3C4515DC2A0BF2F900C9BA4F /* POLZZAK.app */;
			productType = "com.apple.product-type.application";
		};
/* End PBXNativeTarget section */

/* Begin PBXProject section */
		3C4515D42A0BF2F900C9BA4F /* Project object */ = {
			isa = PBXProject;
			attributes = {
				BuildIndependentTargetsInParallel = 1;
				LastSwiftUpdateCheck = 1430;
				LastUpgradeCheck = 1430;
				TargetAttributes = {
					3C4515DB2A0BF2F900C9BA4F = {
						CreatedOnToolsVersion = 14.3;
					};
				};
			};
			buildConfigurationList = 3C4515D72A0BF2F900C9BA4F /* Build configuration list for PBXProject "POLZZAK" */;
			compatibilityVersion = "Xcode 14.0";
			developmentRegion = en;
			hasScannedForEncodings = 0;
			knownRegions = (
				en,
				Base,
			);
			mainGroup = 3C4515D32A0BF2F900C9BA4F;
			packageReferences = (
				3C4515F32A0BF40200C9BA4F /* XCRemoteSwiftPackageReference "SnapKit" */,
				3C4515F62A0BF43300C9BA4F /* XCRemoteSwiftPackageReference "RxSwift" */,
				3C4515FB2A0BF46B00C9BA4F /* XCRemoteSwiftPackageReference "SkeletonView" */,
			);
			productRefGroup = 3C4515DD2A0BF2F900C9BA4F /* Products */;
			projectDirPath = "";
			projectRoot = "";
			targets = (
				3C4515DB2A0BF2F900C9BA4F /* POLZZAK */,
			);
		};
/* End PBXProject section */

/* Begin PBXResourcesBuildPhase section */
		3C4515DA2A0BF2F900C9BA4F /* Resources */ = {
			isa = PBXResourcesBuildPhase;
			buildActionMask = 2147483647;
			files = (
				3C4515EC2A0BF2FB00C9BA4F /* LaunchScreen.storyboard in Resources */,
				3C4515E92A0BF2FB00C9BA4F /* Assets.xcassets in Resources */,
			);
			runOnlyForDeploymentPostprocessing = 0;
		};
/* End PBXResourcesBuildPhase section */

/* Begin PBXSourcesBuildPhase section */
		3C4515D82A0BF2F900C9BA4F /* Sources */ = {
			isa = PBXSourcesBuildPhase;
			buildActionMask = 2147483647;
			files = (
				3C4515E42A0BF2F900C9BA4F /* ViewController.swift in Sources */,
				3C4515E02A0BF2F900C9BA4F /* AppDelegate.swift in Sources */,
				3C4515E22A0BF2F900C9BA4F /* SceneDelegate.swift in Sources */,
			);
			runOnlyForDeploymentPostprocessing = 0;
		};
/* End PBXSourcesBuildPhase section */

/* Begin PBXVariantGroup section */
		3C4515EA2A0BF2FB00C9BA4F /* LaunchScreen.storyboard */ = {
			isa = PBXVariantGroup;
			children = (
				3C4515EB2A0BF2FB00C9BA4F /* Base */,
			);
			name = LaunchScreen.storyboard;
			sourceTree = "<group>";
		};
/* End PBXVariantGroup section */

/* Begin XCBuildConfiguration section */
		3C4515EE2A0BF2FB00C9BA4F /* Debug */ = {
			isa = XCBuildConfiguration;
			buildSettings = {
				ALWAYS_SEARCH_USER_PATHS = NO;
				CLANG_ANALYZER_NONNULL = YES;
				CLANG_ANALYZER_NUMBER_OBJECT_CONVERSION = YES_AGGRESSIVE;
				CLANG_CXX_LANGUAGE_STANDARD = "gnu++20";
				CLANG_ENABLE_MODULES = YES;
				CLANG_ENABLE_OBJC_ARC = YES;
				CLANG_ENABLE_OBJC_WEAK = YES;
				CLANG_WARN_BLOCK_CAPTURE_AUTORELEASING = YES;
				CLANG_WARN_BOOL_CONVERSION = YES;
				CLANG_WARN_COMMA = YES;
				CLANG_WARN_CONSTANT_CONVERSION = YES;
				CLANG_WARN_DEPRECATED_OBJC_IMPLEMENTATIONS = YES;
				CLANG_WARN_DIRECT_OBJC_ISA_USAGE = YES_ERROR;
				CLANG_WARN_DOCUMENTATION_COMMENTS = YES;
				CLANG_WARN_EMPTY_BODY = YES;
				CLANG_WARN_ENUM_CONVERSION = YES;
				CLANG_WARN_INFINITE_RECURSION = YES;
				CLANG_WARN_INT_CONVERSION = YES;
				CLANG_WARN_NON_LITERAL_NULL_CONVERSION = YES;
				CLANG_WARN_OBJC_IMPLICIT_RETAIN_SELF = YES;
				CLANG_WARN_OBJC_LITERAL_CONVERSION = YES;
				CLANG_WARN_OBJC_ROOT_CLASS = YES_ERROR;
				CLANG_WARN_QUOTED_INCLUDE_IN_FRAMEWORK_HEADER = YES;
				CLANG_WARN_RANGE_LOOP_ANALYSIS = YES;
				CLANG_WARN_STRICT_PROTOTYPES = YES;
				CLANG_WARN_SUSPICIOUS_MOVE = YES;
				CLANG_WARN_UNGUARDED_AVAILABILITY = YES_AGGRESSIVE;
				CLANG_WARN_UNREACHABLE_CODE = YES;
				CLANG_WARN__DUPLICATE_METHOD_MATCH = YES;
				COPY_PHASE_STRIP = NO;
				DEBUG_INFORMATION_FORMAT = dwarf;
				ENABLE_STRICT_OBJC_MSGSEND = YES;
				ENABLE_TESTABILITY = YES;
				GCC_C_LANGUAGE_STANDARD = gnu11;
				GCC_DYNAMIC_NO_PIC = NO;
				GCC_NO_COMMON_BLOCKS = YES;
				GCC_OPTIMIZATION_LEVEL = 0;
				GCC_PREPROCESSOR_DEFINITIONS = (
					"DEBUG=1",
					"$(inherited)",
				);
				GCC_WARN_64_TO_32_BIT_CONVERSION = YES;
				GCC_WARN_ABOUT_RETURN_TYPE = YES_ERROR;
				GCC_WARN_UNDECLARED_SELECTOR = YES;
				GCC_WARN_UNINITIALIZED_AUTOS = YES_AGGRESSIVE;
				GCC_WARN_UNUSED_FUNCTION = YES;
				GCC_WARN_UNUSED_VARIABLE = YES;
				IPHONEOS_DEPLOYMENT_TARGET = 15.0;
				MTL_ENABLE_DEBUG_INFO = INCLUDE_SOURCE;
				MTL_FAST_MATH = YES;
				ONLY_ACTIVE_ARCH = YES;
				SDKROOT = iphoneos;
				SWIFT_ACTIVE_COMPILATION_CONDITIONS = DEBUG;
				SWIFT_OPTIMIZATION_LEVEL = "-Onone";
			};
			name = Debug;
		};
		3C4515EF2A0BF2FB00C9BA4F /* Release */ = {
			isa = XCBuildConfiguration;
			buildSettings = {
				ALWAYS_SEARCH_USER_PATHS = NO;
				CLANG_ANALYZER_NONNULL = YES;
				CLANG_ANALYZER_NUMBER_OBJECT_CONVERSION = YES_AGGRESSIVE;
				CLANG_CXX_LANGUAGE_STANDARD = "gnu++20";
				CLANG_ENABLE_MODULES = YES;
				CLANG_ENABLE_OBJC_ARC = YES;
				CLANG_ENABLE_OBJC_WEAK = YES;
				CLANG_WARN_BLOCK_CAPTURE_AUTORELEASING = YES;
				CLANG_WARN_BOOL_CONVERSION = YES;
				CLANG_WARN_COMMA = YES;
				CLANG_WARN_CONSTANT_CONVERSION = YES;
				CLANG_WARN_DEPRECATED_OBJC_IMPLEMENTATIONS = YES;
				CLANG_WARN_DIRECT_OBJC_ISA_USAGE = YES_ERROR;
				CLANG_WARN_DOCUMENTATION_COMMENTS = YES;
				CLANG_WARN_EMPTY_BODY = YES;
				CLANG_WARN_ENUM_CONVERSION = YES;
				CLANG_WARN_INFINITE_RECURSION = YES;
				CLANG_WARN_INT_CONVERSION = YES;
				CLANG_WARN_NON_LITERAL_NULL_CONVERSION = YES;
				CLANG_WARN_OBJC_IMPLICIT_RETAIN_SELF = YES;
				CLANG_WARN_OBJC_LITERAL_CONVERSION = YES;
				CLANG_WARN_OBJC_ROOT_CLASS = YES_ERROR;
				CLANG_WARN_QUOTED_INCLUDE_IN_FRAMEWORK_HEADER = YES;
				CLANG_WARN_RANGE_LOOP_ANALYSIS = YES;
				CLANG_WARN_STRICT_PROTOTYPES = YES;
				CLANG_WARN_SUSPICIOUS_MOVE = YES;
				CLANG_WARN_UNGUARDED_AVAILABILITY = YES_AGGRESSIVE;
				CLANG_WARN_UNREACHABLE_CODE = YES;
				CLANG_WARN__DUPLICATE_METHOD_MATCH = YES;
				COPY_PHASE_STRIP = NO;
				DEBUG_INFORMATION_FORMAT = "dwarf-with-dsym";
				ENABLE_NS_ASSERTIONS = NO;
				ENABLE_STRICT_OBJC_MSGSEND = YES;
				GCC_C_LANGUAGE_STANDARD = gnu11;
				GCC_NO_COMMON_BLOCKS = YES;
				GCC_WARN_64_TO_32_BIT_CONVERSION = YES;
				GCC_WARN_ABOUT_RETURN_TYPE = YES_ERROR;
				GCC_WARN_UNDECLARED_SELECTOR = YES;
				GCC_WARN_UNINITIALIZED_AUTOS = YES_AGGRESSIVE;
				GCC_WARN_UNUSED_FUNCTION = YES;
				GCC_WARN_UNUSED_VARIABLE = YES;
				IPHONEOS_DEPLOYMENT_TARGET = 15.0;
				MTL_ENABLE_DEBUG_INFO = NO;
				MTL_FAST_MATH = YES;
				SDKROOT = iphoneos;
				SWIFT_COMPILATION_MODE = wholemodule;
				SWIFT_OPTIMIZATION_LEVEL = "-O";
				VALIDATE_PRODUCT = YES;
			};
			name = Release;
		};
		3C4515F12A0BF2FB00C9BA4F /* Debug */ = {
			isa = XCBuildConfiguration;
			buildSettings = {
				ASSETCATALOG_COMPILER_APPICON_NAME = AppIcon;
				ASSETCATALOG_COMPILER_GLOBAL_ACCENT_COLOR_NAME = AccentColor;
				CODE_SIGN_STYLE = Automatic;
				CURRENT_PROJECT_VERSION = 1;
				DEVELOPMENT_TEAM = 2W776SPR4X;
				GENERATE_INFOPLIST_FILE = YES;
				INFOPLIST_FILE = POLZZAK/Info.plist;
				INFOPLIST_KEY_UIApplicationSupportsIndirectInputEvents = YES;
				INFOPLIST_KEY_UILaunchStoryboardName = LaunchScreen;
				INFOPLIST_KEY_UISupportedInterfaceOrientations_iPad = "UIInterfaceOrientationPortrait UIInterfaceOrientationPortraitUpsideDown UIInterfaceOrientationLandscapeLeft UIInterfaceOrientationLandscapeRight";
				INFOPLIST_KEY_UISupportedInterfaceOrientations_iPhone = "UIInterfaceOrientationPortrait UIInterfaceOrientationLandscapeLeft UIInterfaceOrientationLandscapeRight";
				IPHONEOS_DEPLOYMENT_TARGET = 15.0;
				LD_RUNPATH_SEARCH_PATHS = (
					"$(inherited)",
					"@executable_path/Frameworks",
				);
				MARKETING_VERSION = 1.0;
				PRODUCT_BUNDLE_IDENTIFIER = com.z3rosmith.POLZZAK;
				PRODUCT_NAME = "$(TARGET_NAME)";
				SUPPORTED_PLATFORMS = "iphoneos iphonesimulator";
				SUPPORTS_MACCATALYST = NO;
				SUPPORTS_MAC_DESIGNED_FOR_IPHONE_IPAD = NO;
				SWIFT_EMIT_LOC_STRINGS = YES;
				SWIFT_VERSION = 5.0;
				TARGETED_DEVICE_FAMILY = 1;
			};
			name = Debug;
		};
		3C4515F22A0BF2FB00C9BA4F /* Release */ = {
			isa = XCBuildConfiguration;
			buildSettings = {
				ASSETCATALOG_COMPILER_APPICON_NAME = AppIcon;
				ASSETCATALOG_COMPILER_GLOBAL_ACCENT_COLOR_NAME = AccentColor;
				CODE_SIGN_STYLE = Automatic;
				CURRENT_PROJECT_VERSION = 1;
				DEVELOPMENT_TEAM = 2W776SPR4X;
				GENERATE_INFOPLIST_FILE = YES;
				INFOPLIST_FILE = POLZZAK/Info.plist;
				INFOPLIST_KEY_UIApplicationSupportsIndirectInputEvents = YES;
				INFOPLIST_KEY_UILaunchStoryboardName = LaunchScreen;
				INFOPLIST_KEY_UISupportedInterfaceOrientations_iPad = "UIInterfaceOrientationPortrait UIInterfaceOrientationPortraitUpsideDown UIInterfaceOrientationLandscapeLeft UIInterfaceOrientationLandscapeRight";
				INFOPLIST_KEY_UISupportedInterfaceOrientations_iPhone = "UIInterfaceOrientationPortrait UIInterfaceOrientationLandscapeLeft UIInterfaceOrientationLandscapeRight";
				IPHONEOS_DEPLOYMENT_TARGET = 15.0;
				LD_RUNPATH_SEARCH_PATHS = (
					"$(inherited)",
					"@executable_path/Frameworks",
				);
				MARKETING_VERSION = 1.0;
				PRODUCT_BUNDLE_IDENTIFIER = com.z3rosmith.POLZZAK;
				PRODUCT_NAME = "$(TARGET_NAME)";
				SUPPORTED_PLATFORMS = "iphoneos iphonesimulator";
				SUPPORTS_MACCATALYST = NO;
				SUPPORTS_MAC_DESIGNED_FOR_IPHONE_IPAD = NO;
				SWIFT_EMIT_LOC_STRINGS = YES;
				SWIFT_VERSION = 5.0;
				TARGETED_DEVICE_FAMILY = 1;
			};
			name = Release;
		};
/* End XCBuildConfiguration section */

/* Begin XCConfigurationList section */
		3C4515D72A0BF2F900C9BA4F /* Build configuration list for PBXProject "POLZZAK" */ = {
			isa = XCConfigurationList;
			buildConfigurations = (
				3C4515EE2A0BF2FB00C9BA4F /* Debug */,
				3C4515EF2A0BF2FB00C9BA4F /* Release */,
			);
			defaultConfigurationIsVisible = 0;
			defaultConfigurationName = Release;
		};
		3C4515F02A0BF2FB00C9BA4F /* Build configuration list for PBXNativeTarget "POLZZAK" */ = {
			isa = XCConfigurationList;
			buildConfigurations = (
				3C4515F12A0BF2FB00C9BA4F /* Debug */,
				3C4515F22A0BF2FB00C9BA4F /* Release */,
			);
			defaultConfigurationIsVisible = 0;
			defaultConfigurationName = Release;
		};
/* End XCConfigurationList section */

/* Begin XCRemoteSwiftPackageReference section */
		3C4515F32A0BF40200C9BA4F /* XCRemoteSwiftPackageReference "SnapKit" */ = {
			isa = XCRemoteSwiftPackageReference;
			repositoryURL = "https://github.com/SnapKit/SnapKit.git";
			requirement = {
				kind = upToNextMajorVersion;
				minimumVersion = 5.0.0;
			};
		};
		3C4515F62A0BF43300C9BA4F /* XCRemoteSwiftPackageReference "RxSwift" */ = {
			isa = XCRemoteSwiftPackageReference;
			repositoryURL = "https://github.com/ReactiveX/RxSwift.git";
			requirement = {
				kind = upToNextMajorVersion;
				minimumVersion = 6.0.0;
			};
		};
		3C4515FB2A0BF46B00C9BA4F /* XCRemoteSwiftPackageReference "SkeletonView" */ = {
			isa = XCRemoteSwiftPackageReference;
			repositoryURL = "https://github.com/Juanpe/SkeletonView.git";
			requirement = {
				kind = upToNextMajorVersion;
				minimumVersion = 1.0.0;
			};
		};
/* End XCRemoteSwiftPackageReference section */

/* Begin XCSwiftPackageProductDependency section */
		3C4515F42A0BF40200C9BA4F /* SnapKit */ = {
			isa = XCSwiftPackageProductDependency;
			package = 3C4515F32A0BF40200C9BA4F /* XCRemoteSwiftPackageReference "SnapKit" */;
			productName = SnapKit;
		};
		3C4515F72A0BF43300C9BA4F /* RxCocoa */ = {
			isa = XCSwiftPackageProductDependency;
			package = 3C4515F62A0BF43300C9BA4F /* XCRemoteSwiftPackageReference "RxSwift" */;
			productName = RxCocoa;
		};
		3C4515F92A0BF43300C9BA4F /* RxSwift */ = {
			isa = XCSwiftPackageProductDependency;
			package = 3C4515F62A0BF43300C9BA4F /* XCRemoteSwiftPackageReference "RxSwift" */;
			productName = RxSwift;
		};
		3C4515FC2A0BF46B00C9BA4F /* SkeletonView */ = {
			isa = XCSwiftPackageProductDependency;
			package = 3C4515FB2A0BF46B00C9BA4F /* XCRemoteSwiftPackageReference "SkeletonView" */;
			productName = SkeletonView;
		};
/* End XCSwiftPackageProductDependency section */
	};
	rootObject = 3C4515D42A0BF2F900C9BA4F /* Project object */;
}
